
Microsoft Visual Studio Solution File, Format Version 12.00
# Visual Studio Version 17
VisualStudioVersion = 17.8.34511.84
MinimumVisualStudioVersion = 10.0.40219.1
Project("{FAE04EC0-301F-11D3-BF4B-00C04F79EFBC}") = "CorpImage", "CorpImage\CorpImage.csproj", "{487CB82D-4FD6-4B6A-A69D-BF47B24CA9F4}"
EndProject
Global
	GlobalSection(SolutionConfigurationPlatforms) = preSolution
		Debug|Any CPU = Debug|Any CPU
		Release|Any CPU = Release|Any CPU
	EndGlobalSection
	GlobalSection(ProjectConfigurationPlatforms) = postSolution
		{487CB82D-4FD6-4B6A-A69D-BF47B24CA9F4}.Debug|Any CPU.ActiveCfg = Debug|Any CPU
		{487CB82D-4FD6-4B6A-A69D-BF47B24CA9F4}.Debug|Any CPU.Build.0 = Debug|Any CPU
		{487CB82D-4FD6-4B6A-A69D-BF47B24CA9F4}.Release|Any CPU.ActiveCfg = Release|Any CPU
		{487CB82D-4FD6-4B6A-A69D-BF47B24CA9F4}.Release|Any CPU.Build.0 = Release|Any CPU
	EndGlobalSection
	GlobalSection(SolutionProperties) = preSolution
		HideSolutionNode = FALSE
	EndGlobalSection
	GlobalSection(ExtensibilityGlobals) = postSolution
		SolutionGuid = {BD218E72-5FC2-4435-8827-73A73B55D21D}
	EndGlobalSection
EndGlobal
